
Microsoft Visual Studio Solution File, Format Version 12.00
# Visual Studio Version 17
VisualStudioVersion = 17.5.002.0
MinimumVisualStudioVersion = 10.0.40219.1
Project("{9A19103F-16F7-4668-BE54-9A1E7A4F7556}") = "Core", "Core\Core.csproj", "{A1537A83-556B-4AF1-96AC-FF61DB2D4E39}"
EndProject
Project("{9A19103F-16F7-4668-BE54-9A1E7A4F7556}") = "UI", "UI\UI.csproj", "{C430F558-6D9E-4AB6-9DA6-732B45652AC8}"
EndProject
Project("{FAE04EC0-301F-11D3-BF4B-00C04F79EFBC}") = "Tests", "CoreTests\Tests.csproj", "{4E6C5342-3530-4491-B425-DD5160B81FCC}"
EndProject
Global
	GlobalSection(SolutionConfigurationPlatforms) = preSolution
		Debug|Any CPU = Debug|Any CPU
		Release|Any CPU = Release|Any CPU
	EndGlobalSection
	GlobalSection(ProjectConfigurationPlatforms) = postSolution
		{A1537A83-556B-4AF1-96AC-FF61DB2D4E39}.Debug|Any CPU.ActiveCfg = Debug|Any CPU
		{A1537A83-556B-4AF1-96AC-FF61DB2D4E39}.Debug|Any CPU.Build.0 = Debug|Any CPU
		{A1537A83-556B-4AF1-96AC-FF61DB2D4E39}.Release|Any CPU.ActiveCfg = Release|Any CPU
		{A1537A83-556B-4AF1-96AC-FF61DB2D4E39}.Release|Any CPU.Build.0 = Release|Any CPU
		{C430F558-6D9E-4AB6-9DA6-732B45652AC8}.Debug|Any CPU.ActiveCfg = Debug|Any CPU
		{C430F558-6D9E-4AB6-9DA6-732B45652AC8}.Debug|Any CPU.Build.0 = Debug|Any CPU
		{C430F558-6D9E-4AB6-9DA6-732B45652AC8}.Release|Any CPU.ActiveCfg = Release|Any CPU
		{C430F558-6D9E-4AB6-9DA6-732B45652AC8}.Release|Any CPU.Build.0 = Release|Any CPU
		{4E6C5342-3530-4491-B425-DD5160B81FCC}.Debug|Any CPU.ActiveCfg = Debug|Any CPU
		{4E6C5342-3530-4491-B425-DD5160B81FCC}.Debug|Any CPU.Build.0 = Debug|Any CPU
		{4E6C5342-3530-4491-B425-DD5160B81FCC}.Release|Any CPU.ActiveCfg = Release|Any CPU
		{4E6C5342-3530-4491-B425-DD5160B81FCC}.Release|Any CPU.Build.0 = Release|Any CPU
	EndGlobalSection
	GlobalSection(SolutionProperties) = preSolution
		HideSolutionNode = FALSE
	EndGlobalSection
	GlobalSection(ExtensibilityGlobals) = postSolution
		SolutionGuid = {82B3F2EC-803D-4AF4-981F-E8344D60C961}
	EndGlobalSection
EndGlobal
